// !$*UTF8*$!
{
	archiveVersion = 1;
	classes = {
	};
	objectVersion = 56;
	objects = {

/* Begin PBXBuildFile section */
		61F0B4B12BFCEEBA00F3E03B /* SeismometerApp.swift in Sources */ = {isa = PBXBuildFile; fileRef = 61F0B4B02BFCEEBA00F3E03B /* SeismometerApp.swift */; };
		61F0B4B32BFCEEBA00F3E03B /* SeismometerBrowser.swift in Sources */ = {isa = PBXBuildFile; fileRef = 61F0B4B22BFCEEBA00F3E03B /* SeismometerBrowser.swift */; };
		61F0B4B52BFCEEBD00F3E03B /* Assets.xcassets in Resources */ = {isa = PBXBuildFile; fileRef = 61F0B4B42BFCEEBD00F3E03B /* Assets.xcassets */; };
		61F0B4B82BFCEEBD00F3E03B /* Preview Assets.xcassets in Resources */ = {isa = PBXBuildFile; fileRef = 61F0B4B72BFCEEBD00F3E03B /* Preview Assets.xcassets */; };
		61F0B4BF2BFCFDE400F3E03B /* MotionDetector.swift in Sources */ = {isa = PBXBuildFile; fileRef = 61F0B4BE2BFCFDE400F3E03B /* MotionDetector.swift */; };
		61F0B4C12BFD432600F3E03B /* NeedleSeismometer.swift in Sources */ = {isa = PBXBuildFile; fileRef = 61F0B4C02BFD432600F3E03B /* NeedleSeismometer.swift */; };
		61F0B4C32BFD446F00F3E03B /* GaugeBackground.swift in Sources */ = {isa = PBXBuildFile; fileRef = 61F0B4C22BFD446F00F3E03B /* GaugeBackground.swift */; };
		61F0B4C62BFD4F1A00F3E03B /* GraphSeismometer.swift in Sources */ = {isa = PBXBuildFile; fileRef = 61F0B4C52BFD4F1A00F3E03B /* GraphSeismometer.swift */; };
		61F0B4CA2BFD513F00F3E03B /* LineGraph.swift in Sources */ = {isa = PBXBuildFile; fileRef = 61F0B4C92BFD513F00F3E03B /* LineGraph.swift */; };
		61F0B4CC2BFD5A3600F3E03B /* DoubleExtension.swift in Sources */ = {isa = PBXBuildFile; fileRef = 61F0B4CB2BFD5A3600F3E03B /* DoubleExtension.swift */; };
/* End PBXBuildFile section */

/* Begin PBXFileReference section */
		61F0B4AD2BFCEEBA00F3E03B /* Seismometer.app */ = {isa = PBXFileReference; explicitFileType = wrapper.application; includeInIndex = 0; path = Seismometer.app; sourceTree = BUILT_PRODUCTS_DIR; };
		61F0B4B02BFCEEBA00F3E03B /* SeismometerApp.swift */ = {isa = PBXFileReference; lastKnownFileType = sourcecode.swift; path = SeismometerApp.swift; sourceTree = "<group>"; };
		61F0B4B22BFCEEBA00F3E03B /* SeismometerBrowser.swift */ = {isa = PBXFileReference; lastKnownFileType = sourcecode.swift; path = SeismometerBrowser.swift; sourceTree = "<group>"; };
		61F0B4B42BFCEEBD00F3E03B /* Assets.xcassets */ = {isa = PBXFileReference; lastKnownFileType = folder.assetcatalog; path = Assets.xcassets; sourceTree = "<group>"; };
		61F0B4B72BFCEEBD00F3E03B /* Preview Assets.xcassets */ = {isa = PBXFileReference; lastKnownFileType = folder.assetcatalog; path = "Preview Assets.xcassets"; sourceTree = "<group>"; };
		61F0B4BE2BFCFDE400F3E03B /* MotionDetector.swift */ = {isa = PBXFileReference; lastKnownFileType = sourcecode.swift; path = MotionDetector.swift; sourceTree = "<group>"; };
		61F0B4C02BFD432600F3E03B /* NeedleSeismometer.swift */ = {isa = PBXFileReference; lastKnownFileType = sourcecode.swift; path = NeedleSeismometer.swift; sourceTree = "<group>"; };
		61F0B4C22BFD446F00F3E03B /* GaugeBackground.swift */ = {isa = PBXFileReference; lastKnownFileType = sourcecode.swift; path = GaugeBackground.swift; sourceTree = "<group>"; };
		61F0B4C52BFD4F1A00F3E03B /* GraphSeismometer.swift */ = {isa = PBXFileReference; lastKnownFileType = sourcecode.swift; path = GraphSeismometer.swift; sourceTree = "<group>"; };
		61F0B4C92BFD513F00F3E03B /* LineGraph.swift */ = {isa = PBXFileReference; lastKnownFileType = sourcecode.swift; path = LineGraph.swift; sourceTree = "<group>"; };
		61F0B4CB2BFD5A3600F3E03B /* DoubleExtension.swift */ = {isa = PBXFileReference; lastKnownFileType = sourcecode.swift; path = DoubleExtension.swift; sourceTree = "<group>"; };
/* End PBXFileReference section */

/* Begin PBXFrameworksBuildPhase section */
		61F0B4AA2BFCEEBA00F3E03B /* Frameworks */ = {
			isa = PBXFrameworksBuildPhase;
			buildActionMask = 2147483647;
			files = (
			);
			runOnlyForDeploymentPostprocessing = 0;
		};
/* End PBXFrameworksBuildPhase section */

/* Begin PBXGroup section */
		61F0B4A42BFCEEBA00F3E03B = {
			isa = PBXGroup;
			children = (
				61F0B4AF2BFCEEBA00F3E03B /* Seismometer */,
				61F0B4AE2BFCEEBA00F3E03B /* Products */,
			);
			sourceTree = "<group>";
		};
		61F0B4AE2BFCEEBA00F3E03B /* Products */ = {
			isa = PBXGroup;
			children = (
				61F0B4AD2BFCEEBA00F3E03B /* Seismometer.app */,
			);
			name = Products;
			sourceTree = "<group>";
		};
		61F0B4AF2BFCEEBA00F3E03B /* Seismometer */ = {
			isa = PBXGroup;
			children = (
				61F0B4B02BFCEEBA00F3E03B /* SeismometerApp.swift */,
				61F0B4B22BFCEEBA00F3E03B /* SeismometerBrowser.swift */,
				61F0B4CB2BFD5A3600F3E03B /* DoubleExtension.swift */,
				61F0B4BE2BFCFDE400F3E03B /* MotionDetector.swift */,
				61F0B4C02BFD432600F3E03B /* NeedleSeismometer.swift */,
				61F0B4C22BFD446F00F3E03B /* GaugeBackground.swift */,
				61F0B4C52BFD4F1A00F3E03B /* GraphSeismometer.swift */,
				61F0B4C92BFD513F00F3E03B /* LineGraph.swift */,
				61F0B4B42BFCEEBD00F3E03B /* Assets.xcassets */,
				61F0B4B62BFCEEBD00F3E03B /* Preview Content */,
			);
			path = Seismometer;
			sourceTree = "<group>";
		};
		61F0B4B62BFCEEBD00F3E03B /* Preview Content */ = {
			isa = PBXGroup;
			children = (
				61F0B4B72BFCEEBD00F3E03B /* Preview Assets.xcassets */,
			);
			path = "Preview Content";
			sourceTree = "<group>";
		};
/* End PBXGroup section */

/* Begin PBXNativeTarget section */
		61F0B4AC2BFCEEBA00F3E03B /* Seismometer */ = {
			isa = PBXNativeTarget;
			buildConfigurationList = 61F0B4BB2BFCEEBD00F3E03B /* Build configuration list for PBXNativeTarget "Seismometer" */;
			buildPhases = (
				61F0B4A92BFCEEBA00F3E03B /* Sources */,
				61F0B4AA2BFCEEBA00F3E03B /* Frameworks */,
				61F0B4AB2BFCEEBA00F3E03B /* Resources */,
			);
			buildRules = (
			);
			dependencies = (
			);
			name = Seismometer;
			productName = Seismometer;
			productReference = 61F0B4AD2BFCEEBA00F3E03B /* Seismometer.app */;
			productType = "com.apple.product-type.application";
		};
/* End PBXNativeTarget section */

/* Begin PBXProject section */
		61F0B4A52BFCEEBA00F3E03B /* Project object */ = {
			isa = PBXProject;
			attributes = {
				BuildIndependentTargetsInParallel = 1;
				LastSwiftUpdateCheck = 1540;
				LastUpgradeCheck = 1540;
				TargetAttributes = {
					61F0B4AC2BFCEEBA00F3E03B = {
						CreatedOnToolsVersion = 15.4;
					};
				};
			};
			buildConfigurationList = 61F0B4A82BFCEEBA00F3E03B /* Build configuration list for PBXProject "Seismometer" */;
			compatibilityVersion = "Xcode 14.0";
			developmentRegion = en;
			hasScannedForEncodings = 0;
			knownRegions = (
				en,
				Base,
			);
			mainGroup = 61F0B4A42BFCEEBA00F3E03B;
			productRefGroup = 61F0B4AE2BFCEEBA00F3E03B /* Products */;
			projectDirPath = "";
			projectRoot = "";
			targets = (
				61F0B4AC2BFCEEBA00F3E03B /* Seismometer */,
			);
		};
/* End PBXProject section */

/* Begin PBXResourcesBuildPhase section */
		61F0B4AB2BFCEEBA00F3E03B /* Resources */ = {
			isa = PBXResourcesBuildPhase;
			buildActionMask = 2147483647;
			files = (
				61F0B4B82BFCEEBD00F3E03B /* Preview Assets.xcassets in Resources */,
				61F0B4B52BFCEEBD00F3E03B /* Assets.xcassets in Resources */,
			);
			runOnlyForDeploymentPostprocessing = 0;
		};
/* End PBXResourcesBuildPhase section */

/* Begin PBXSourcesBuildPhase section */
		61F0B4A92BFCEEBA00F3E03B /* Sources */ = {
			isa = PBXSourcesBuildPhase;
			buildActionMask = 2147483647;
			files = (
				61F0B4CC2BFD5A3600F3E03B /* DoubleExtension.swift in Sources */,
				61F0B4C12BFD432600F3E03B /* NeedleSeismometer.swift in Sources */,
				61F0B4CA2BFD513F00F3E03B /* LineGraph.swift in Sources */,
				61F0B4C32BFD446F00F3E03B /* GaugeBackground.swift in Sources */,
				61F0B4C62BFD4F1A00F3E03B /* GraphSeismometer.swift in Sources */,
				61F0B4B32BFCEEBA00F3E03B /* SeismometerBrowser.swift in Sources */,
				61F0B4B12BFCEEBA00F3E03B /* SeismometerApp.swift in Sources */,
				61F0B4BF2BFCFDE400F3E03B /* MotionDetector.swift in Sources */,
			);
			runOnlyForDeploymentPostprocessing = 0;
		};
/* End PBXSourcesBuildPhase section */

/* Begin XCBuildConfiguration section */
		61F0B4B92BFCEEBD00F3E03B /* Debug */ = {
			isa = XCBuildConfiguration;
			buildSettings = {
				ALWAYS_SEARCH_USER_PATHS = NO;
				ASSETCATALOG_COMPILER_GENERATE_SWIFT_ASSET_SYMBOL_EXTENSIONS = YES;
				CLANG_ANALYZER_NONNULL = YES;
				CLANG_ANALYZER_NUMBER_OBJECT_CONVERSION = YES_AGGRESSIVE;
				CLANG_CXX_LANGUAGE_STANDARD = "gnu++20";
				CLANG_ENABLE_MODULES = YES;
				CLANG_ENABLE_OBJC_ARC = YES;
				CLANG_ENABLE_OBJC_WEAK = YES;
				CLANG_WARN_BLOCK_CAPTURE_AUTORELEASING = YES;
				CLANG_WARN_BOOL_CONVERSION = YES;
				CLANG_WARN_COMMA = YES;
				CLANG_WARN_CONSTANT_CONVERSION = YES;
				CLANG_WARN_DEPRECATED_OBJC_IMPLEMENTATIONS = YES;
				CLANG_WARN_DIRECT_OBJC_ISA_USAGE = YES_ERROR;
				CLANG_WARN_DOCUMENTATION_COMMENTS = YES;
				CLANG_WARN_EMPTY_BODY = YES;
				CLANG_WARN_ENUM_CONVERSION = YES;
				CLANG_WARN_INFINITE_RECURSION = YES;
				CLANG_WARN_INT_CONVERSION = YES;
				CLANG_WARN_NON_LITERAL_NULL_CONVERSION = YES;
				CLANG_WARN_OBJC_IMPLICIT_RETAIN_SELF = YES;
				CLANG_WARN_OBJC_LITERAL_CONVERSION = YES;
				CLANG_WARN_OBJC_ROOT_CLASS = YES_ERROR;
				CLANG_WARN_QUOTED_INCLUDE_IN_FRAMEWORK_HEADER = YES;
				CLANG_WARN_RANGE_LOOP_ANALYSIS = YES;
				CLANG_WARN_STRICT_PROTOTYPES = YES;
				CLANG_WARN_SUSPICIOUS_MOVE = YES;
				CLANG_WARN_UNGUARDED_AVAILABILITY = YES_AGGRESSIVE;
				CLANG_WARN_UNREACHABLE_CODE = YES;
				CLANG_WARN__DUPLICATE_METHOD_MATCH = YES;
				COPY_PHASE_STRIP = NO;
				DEBUG_INFORMATION_FORMAT = dwarf;
				ENABLE_STRICT_OBJC_MSGSEND = YES;
				ENABLE_TESTABILITY = YES;
				ENABLE_USER_SCRIPT_SANDBOXING = YES;
				GCC_C_LANGUAGE_STANDARD = gnu17;
				GCC_DYNAMIC_NO_PIC = NO;
				GCC_NO_COMMON_BLOCKS = YES;
				GCC_OPTIMIZATION_LEVEL = 0;
				GCC_PREPROCESSOR_DEFINITIONS = (
					"DEBUG=1",
					"$(inherited)",
				);
				GCC_WARN_64_TO_32_BIT_CONVERSION = YES;
				GCC_WARN_ABOUT_RETURN_TYPE = YES_ERROR;
				GCC_WARN_UNDECLARED_SELECTOR = YES;
				GCC_WARN_UNINITIALIZED_AUTOS = YES_AGGRESSIVE;
				GCC_WARN_UNUSED_FUNCTION = YES;
				GCC_WARN_UNUSED_VARIABLE = YES;
				IPHONEOS_DEPLOYMENT_TARGET = 17.5;
				LOCALIZATION_PREFERS_STRING_CATALOGS = YES;
				MTL_ENABLE_DEBUG_INFO = INCLUDE_SOURCE;
				MTL_FAST_MATH = YES;
				ONLY_ACTIVE_ARCH = YES;
				SDKROOT = iphoneos;
				SWIFT_ACTIVE_COMPILATION_CONDITIONS = "DEBUG $(inherited)";
				SWIFT_OPTIMIZATION_LEVEL = "-Onone";
			};
			name = Debug;
		};
		61F0B4BA2BFCEEBD00F3E03B /* Release */ = {
			isa = XCBuildConfiguration;
			buildSettings = {
				ALWAYS_SEARCH_USER_PATHS = NO;
				ASSETCATALOG_COMPILER_GENERATE_SWIFT_ASSET_SYMBOL_EXTENSIONS = YES;
				CLANG_ANALYZER_NONNULL = YES;
				CLANG_ANALYZER_NUMBER_OBJECT_CONVERSION = YES_AGGRESSIVE;
				CLANG_CXX_LANGUAGE_STANDARD = "gnu++20";
				CLANG_ENABLE_MODULES = YES;
				CLANG_ENABLE_OBJC_ARC = YES;
				CLANG_ENABLE_OBJC_WEAK = YES;
				CLANG_WARN_BLOCK_CAPTURE_AUTORELEASING = YES;
				CLANG_WARN_BOOL_CONVERSION = YES;
				CLANG_WARN_COMMA = YES;
				CLANG_WARN_CONSTANT_CONVERSION = YES;
				CLANG_WARN_DEPRECATED_OBJC_IMPLEMENTATIONS = YES;
				CLANG_WARN_DIRECT_OBJC_ISA_USAGE = YES_ERROR;
				CLANG_WARN_DOCUMENTATION_COMMENTS = YES;
				CLANG_WARN_EMPTY_BODY = YES;
				CLANG_WARN_ENUM_CONVERSION = YES;
				CLANG_WARN_INFINITE_RECURSION = YES;
				CLANG_WARN_INT_CONVERSION = YES;
				CLANG_WARN_NON_LITERAL_NULL_CONVERSION = YES;
				CLANG_WARN_OBJC_IMPLICIT_RETAIN_SELF = YES;
				CLANG_WARN_OBJC_LITERAL_CONVERSION = YES;
				CLANG_WARN_OBJC_ROOT_CLASS = YES_ERROR;
				CLANG_WARN_QUOTED_INCLUDE_IN_FRAMEWORK_HEADER = YES;
				CLANG_WARN_RANGE_LOOP_ANALYSIS = YES;
				CLANG_WARN_STRICT_PROTOTYPES = YES;
				CLANG_WARN_SUSPICIOUS_MOVE = YES;
				CLANG_WARN_UNGUARDED_AVAILABILITY = YES_AGGRESSIVE;
				CLANG_WARN_UNREACHABLE_CODE = YES;
				CLANG_WARN__DUPLICATE_METHOD_MATCH = YES;
				COPY_PHASE_STRIP = NO;
				DEBUG_INFORMATION_FORMAT = "dwarf-with-dsym";
				ENABLE_NS_ASSERTIONS = NO;
				ENABLE_STRICT_OBJC_MSGSEND = YES;
				ENABLE_USER_SCRIPT_SANDBOXING = YES;
				GCC_C_LANGUAGE_STANDARD = gnu17;
				GCC_NO_COMMON_BLOCKS = YES;
				GCC_WARN_64_TO_32_BIT_CONVERSION = YES;
				GCC_WARN_ABOUT_RETURN_TYPE = YES_ERROR;
				GCC_WARN_UNDECLARED_SELECTOR = YES;
				GCC_WARN_UNINITIALIZED_AUTOS = YES_AGGRESSIVE;
				GCC_WARN_UNUSED_FUNCTION = YES;
				GCC_WARN_UNUSED_VARIABLE = YES;
				IPHONEOS_DEPLOYMENT_TARGET = 17.5;
				LOCALIZATION_PREFERS_STRING_CATALOGS = YES;
				MTL_ENABLE_DEBUG_INFO = NO;
				MTL_FAST_MATH = YES;
				SDKROOT = iphoneos;
				SWIFT_COMPILATION_MODE = wholemodule;
				VALIDATE_PRODUCT = YES;
			};
			name = Release;
		};
		61F0B4BC2BFCEEBD00F3E03B /* Debug */ = {
			isa = XCBuildConfiguration;
			buildSettings = {
				ASSETCATALOG_COMPILER_APPICON_NAME = AppIcon;
				ASSETCATALOG_COMPILER_GLOBAL_ACCENT_COLOR_NAME = AccentColor;
				CODE_SIGN_STYLE = Automatic;
				CURRENT_PROJECT_VERSION = 1;
				DEVELOPMENT_ASSET_PATHS = "\"Seismometer/Preview Content\"";
				DEVELOPMENT_TEAM = 4FXJ5W7FM5;
				ENABLE_PREVIEWS = YES;
				GENERATE_INFOPLIST_FILE = YES;
				INFOPLIST_KEY_UIApplicationSceneManifest_Generation = YES;
				INFOPLIST_KEY_UIApplicationSupportsIndirectInputEvents = YES;
				INFOPLIST_KEY_UILaunchScreen_Generation = YES;
				INFOPLIST_KEY_UISupportedInterfaceOrientations_iPad = "UIInterfaceOrientationPortrait UIInterfaceOrientationPortraitUpsideDown UIInterfaceOrientationLandscapeLeft UIInterfaceOrientationLandscapeRight";
				INFOPLIST_KEY_UISupportedInterfaceOrientations_iPhone = "UIInterfaceOrientationPortrait UIInterfaceOrientationLandscapeLeft UIInterfaceOrientationLandscapeRight";
				LD_RUNPATH_SEARCH_PATHS = (
					"$(inherited)",
					"@executable_path/Frameworks",
				);
				MARKETING_VERSION = 1.0;
				PRODUCT_BUNDLE_IDENTIFIER = iManzi.com.Seismometer;
				PRODUCT_NAME = "$(TARGET_NAME)";
				SWIFT_EMIT_LOC_STRINGS = YES;
				SWIFT_VERSION = 5.0;
				TARGETED_DEVICE_FAMILY = "1,2";
			};
			name = Debug;
		};
		61F0B4BD2BFCEEBD00F3E03B /* Release */ = {
			isa = XCBuildConfiguration;
			buildSettings = {
				ASSETCATALOG_COMPILER_APPICON_NAME = AppIcon;
				ASSETCATALOG_COMPILER_GLOBAL_ACCENT_COLOR_NAME = AccentColor;
				CODE_SIGN_STYLE = Automatic;
				CURRENT_PROJECT_VERSION = 1;
				DEVELOPMENT_ASSET_PATHS = "\"Seismometer/Preview Content\"";
				DEVELOPMENT_TEAM = 4FXJ5W7FM5;
				ENABLE_PREVIEWS = YES;
				GENERATE_INFOPLIST_FILE = YES;
				INFOPLIST_KEY_UIApplicationSceneManifest_Generation = YES;
				INFOPLIST_KEY_UIApplicationSupportsIndirectInputEvents = YES;
				INFOPLIST_KEY_UILaunchScreen_Generation = YES;
				INFOPLIST_KEY_UISupportedInterfaceOrientations_iPad = "UIInterfaceOrientationPortrait UIInterfaceOrientationPortraitUpsideDown UIInterfaceOrientationLandscapeLeft UIInterfaceOrientationLandscapeRight";
				INFOPLIST_KEY_UISupportedInterfaceOrientations_iPhone = "UIInterfaceOrientationPortrait UIInterfaceOrientationLandscapeLeft UIInterfaceOrientationLandscapeRight";
				LD_RUNPATH_SEARCH_PATHS = (
					"$(inherited)",
					"@executable_path/Frameworks",
				);
				MARKETING_VERSION = 1.0;
				PRODUCT_BUNDLE_IDENTIFIER = iManzi.com.Seismometer;
				PRODUCT_NAME = "$(TARGET_NAME)";
				SWIFT_EMIT_LOC_STRINGS = YES;
				SWIFT_VERSION = 5.0;
				TARGETED_DEVICE_FAMILY = "1,2";
			};
			name = Release;
		};
/* End XCBuildConfiguration section */

/* Begin XCConfigurationList section */
		61F0B4A82BFCEEBA00F3E03B /* Build configuration list for PBXProject "Seismometer" */ = {
			isa = XCConfigurationList;
			buildConfigurations = (
				61F0B4B92BFCEEBD00F3E03B /* Debug */,
				61F0B4BA2BFCEEBD00F3E03B /* Release */,
			);
			defaultConfigurationIsVisible = 0;
			defaultConfigurationName = Release;
		};
		61F0B4BB2BFCEEBD00F3E03B /* Build configuration list for PBXNativeTarget "Seismometer" */ = {
			isa = XCConfigurationList;
			buildConfigurations = (
				61F0B4BC2BFCEEBD00F3E03B /* Debug */,
				61F0B4BD2BFCEEBD00F3E03B /* Release */,
			);
			defaultConfigurationIsVisible = 0;
			defaultConfigurationName = Release;
		};
/* End XCConfigurationList section */
	};
	rootObject = 61F0B4A52BFCEEBA00F3E03B /* Project object */;
}
